
Microsoft Visual Studio Solution File, Format Version 12.00
# Visual Studio Version 17
VisualStudioVersion = 17.7.34221.43
MinimumVisualStudioVersion = 10.0.40219.1
Project("{9A19103F-16F7-4668-BE54-9A1E7A4F7556}") = "PP dotNet", "PP dotNet\PP dotNet.csproj", "{45F53798-1E15-40F4-856A-AA39DD9744E7}"
EndProject
Project("{9A19103F-16F7-4668-BE54-9A1E7A4F7556}") = "PP dotNet Tests", "PP dotNet Tests\PP dotNet Tests.csproj", "{A1692097-CB8E-43CB-A0E0-8ED41610D183}"
EndProject
Global
	GlobalSection(SolutionConfigurationPlatforms) = preSolution
		Debug|Any CPU = Debug|Any CPU
		Release|Any CPU = Release|Any CPU
	EndGlobalSection
	GlobalSection(ProjectConfigurationPlatforms) = postSolution
		{45F53798-1E15-40F4-856A-AA39DD9744E7}.Debug|Any CPU.ActiveCfg = Debug|Any CPU
		{45F53798-1E15-40F4-856A-AA39DD9744E7}.Debug|Any CPU.Build.0 = Debug|Any CPU
		{45F53798-1E15-40F4-856A-AA39DD9744E7}.Release|Any CPU.ActiveCfg = Release|Any CPU
		{45F53798-1E15-40F4-856A-AA39DD9744E7}.Release|Any CPU.Build.0 = Release|Any CPU
		{A1692097-CB8E-43CB-A0E0-8ED41610D183}.Debug|Any CPU.ActiveCfg = Debug|Any CPU
		{A1692097-CB8E-43CB-A0E0-8ED41610D183}.Debug|Any CPU.Build.0 = Debug|Any CPU
		{A1692097-CB8E-43CB-A0E0-8ED41610D183}.Release|Any CPU.ActiveCfg = Release|Any CPU
		{A1692097-CB8E-43CB-A0E0-8ED41610D183}.Release|Any CPU.Build.0 = Release|Any CPU
	EndGlobalSection
	GlobalSection(SolutionProperties) = preSolution
		HideSolutionNode = FALSE
	EndGlobalSection
	GlobalSection(ExtensibilityGlobals) = postSolution
		SolutionGuid = {CDCA97D1-0179-436E-AE45-2EF603387F58}
	EndGlobalSection
EndGlobal
